{
  "name": "pg-overlays",
  "version": "0.0.0",
  "lockfileVersion": 2,
  "requires": true,
  "packages": {
    "": {
      "name": "pg-overlays",
      "version": "0.0.0",
      "dependencies": {
        "fitted-text": "^2.0.5",
        "gsap": "^3.11.3"
      }
    },
    "node_modules/fitted-text": {
      "version": "2.0.5",
      "resolved": "https://registry.npmjs.org/fitted-text/-/fitted-text-2.0.5.tgz",
      "integrity": "sha512-JtxXkNy7lkSYTevxfObvNnVhHylLVr82qMhoLejKokfukeypTvFdmMHZCTr0fLlQNOb2jZ92JCuQEd+pU6w6cA=="
    },
    "node_modules/gsap": {
      "version": "3.11.3",
      "resolved": "https://registry.npmjs.org/gsap/-/gsap-3.11.3.tgz",
      "integrity": "sha512-xc/iIJy+LWiMbRa4IdMtdnnKa/7PXEK6NNzV71gdOYUVeTZN7UWnLU0fB7Hi1iwiz4ZZoYkBZPPYGg+2+zzFHA=="
    }
  },
  "dependencies": {
    "fitted-text": {
      "version": "2.0.5",
      "resolved": "https://registry.npmjs.org/fitted-text/-/fitted-text-2.0.5.tgz",
      "integrity": "sha512-JtxXkNy7lkSYTevxfObvNnVhHylLVr82qMhoLejKokfukeypTvFdmMHZCTr0fLlQNOb2jZ92JCuQEd+pU6w6cA=="
    },
    "gsap": {
      "version": "3.11.3",
      "resolved": "https://registry.npmjs.org/gsap/-/gsap-3.11.3.tgz",
      "integrity": "sha512-xc/iIJy+LWiMbRa4IdMtdnnKa/7PXEK6NNzV71gdOYUVeTZN7UWnLU0fB7Hi1iwiz4ZZoYkBZPPYGg+2+zzFHA=="
    }
  }
}
